
Microsoft Visual Studio Solution File, Format Version 12.00
# Visual Studio 2013
VisualStudioVersion = 12.0.40629.0
MinimumVisualStudioVersion = 10.0.40219.1
Project("{FAE04EC0-301F-11D3-BF4B-00C04F79EFBC}") = "damacana", "damacana\damacana.csproj", "{299C1FF5-F705-453B-B55C-A8EF6FEE9AA0}"
EndProject
Global
	GlobalSection(SolutionConfigurationPlatforms) = preSolution
		Debug|Any CPU = Debug|Any CPU
		Release|Any CPU = Release|Any CPU
	EndGlobalSection
	GlobalSection(ProjectConfigurationPlatforms) = postSolution
		{299C1FF5-F705-453B-B55C-A8EF6FEE9AA0}.Debug|Any CPU.ActiveCfg = Debug|Any CPU
		{299C1FF5-F705-453B-B55C-A8EF6FEE9AA0}.Debug|Any CPU.Build.0 = Debug|Any CPU
		{299C1FF5-F705-453B-B55C-A8EF6FEE9AA0}.Release|Any CPU.ActiveCfg = Release|Any CPU
		{299C1FF5-F705-453B-B55C-A8EF6FEE9AA0}.Release|Any CPU.Build.0 = Release|Any CPU
	EndGlobalSection
	GlobalSection(SolutionProperties) = preSolution
		HideSolutionNode = FALSE
	EndGlobalSection
EndGlobal
